
Microsoft Visual Studio Solution File, Format Version 12.00
# Visual Studio 15
Project("{FAE04EC0-301F-11D3-BF4B-00C04F79EFBC}") = "RegistroDeCompetencia2019", "RegistroDeCompetencia2019.csproj", "{650AD4DF-7A3C-4C78-B00B-2B76742E6554}"
EndProject
Global
	GlobalSection(SolutionConfigurationPlatforms) = preSolution
		Debug|Any CPU = Debug|Any CPU
		Release|Any CPU = Release|Any CPU
	EndGlobalSection
	GlobalSection(ProjectConfigurationPlatforms) = postSolution
		{650AD4DF-7A3C-4C78-B00B-2B76742E6554}.Debug|Any CPU.ActiveCfg = Debug|Any CPU
		{650AD4DF-7A3C-4C78-B00B-2B76742E6554}.Debug|Any CPU.Build.0 = Debug|Any CPU
		{650AD4DF-7A3C-4C78-B00B-2B76742E6554}.Release|Any CPU.ActiveCfg = Release|Any CPU
		{650AD4DF-7A3C-4C78-B00B-2B76742E6554}.Release|Any CPU.Build.0 = Release|Any CPU
	EndGlobalSection
EndGlobal
